
Microsoft Visual Studio Solution File, Format Version 12.00
# Visual Studio Version 17
VisualStudioVersion = 17.8.34309.116
MinimumVisualStudioVersion = 10.0.40219.1
Project("{FAE04EC0-301F-11D3-BF4B-00C04F79EFBC}") = "xteaToSerial", "xteaToSerial\xteaToSerial.csproj", "{FC6F48B5-4F68-45DC-9AD0-99E57663CE7A}"
EndProject
Global
	GlobalSection(SolutionConfigurationPlatforms) = preSolution
		Debug|Any CPU = Debug|Any CPU
		Release|Any CPU = Release|Any CPU
		Test|Any CPU = Test|Any CPU
	EndGlobalSection
	GlobalSection(ProjectConfigurationPlatforms) = postSolution
		{FC6F48B5-4F68-45DC-9AD0-99E57663CE7A}.Debug|Any CPU.ActiveCfg = Debug|Any CPU
		{FC6F48B5-4F68-45DC-9AD0-99E57663CE7A}.Debug|Any CPU.Build.0 = Debug|Any CPU
		{FC6F48B5-4F68-45DC-9AD0-99E57663CE7A}.Release|Any CPU.ActiveCfg = Release|Any CPU
		{FC6F48B5-4F68-45DC-9AD0-99E57663CE7A}.Release|Any CPU.Build.0 = Release|Any CPU
		{FC6F48B5-4F68-45DC-9AD0-99E57663CE7A}.Test|Any CPU.ActiveCfg = Test|Any CPU
		{FC6F48B5-4F68-45DC-9AD0-99E57663CE7A}.Test|Any CPU.Build.0 = Test|Any CPU
	EndGlobalSection
	GlobalSection(SolutionProperties) = preSolution
		HideSolutionNode = FALSE
	EndGlobalSection
	GlobalSection(ExtensibilityGlobals) = postSolution
		SolutionGuid = {B07F459C-2B65-4D16-8CB5-09E90CC5884C}
	EndGlobalSection
EndGlobal
